// !$*UTF8*$!
{
	archiveVersion = 1;
	classes = {
	};
	objectVersion = 46;
	objects = {

/* Begin PBXBuildFile section */
		580D9C5E15D7FE5E00A9A3ED /* CoreLocation.framework in Frameworks */ = {isa = PBXBuildFile; fileRef = 580D9C5D15D7FE5E00A9A3ED /* CoreLocation.framework */; };
		580D9C6015D7FF0A00A9A3ED /* LookupViewController.xib in Resources */ = {isa = PBXBuildFile; fileRef = 580D9C5F15D7FF0A00A9A3ED /* LookupViewController.xib */; };
		5880CCD415D7D95D00724C7F /* UIKit.framework in Frameworks */ = {isa = PBXBuildFile; fileRef = 5880CCD315D7D95D00724C7F /* UIKit.framework */; };
		5880CCD615D7D95D00724C7F /* Foundation.framework in Frameworks */ = {isa = PBXBuildFile; fileRef = 5880CCD515D7D95D00724C7F /* Foundation.framework */; };
		5880CCD815D7D95D00724C7F /* CoreGraphics.framework in Frameworks */ = {isa = PBXBuildFile; fileRef = 5880CCD715D7D95D00724C7F /* CoreGraphics.framework */; };
		5880CCDE15D7D95D00724C7F /* InfoPlist.strings in Resources */ = {isa = PBXBuildFile; fileRef = 5880CCDC15D7D95D00724C7F /* InfoPlist.strings */; };
		5880CCE015D7D95D00724C7F /* main.m in Sources */ = {isa = PBXBuildFile; fileRef = 5880CCDF15D7D95D00724C7F /* main.m */; };
		5880CCE415D7D95D00724C7F /* AppDelegate.m in Sources */ = {isa = PBXBuildFile; fileRef = 5880CCE315D7D95D00724C7F /* AppDelegate.m */; };
		5880CCE715D7D95D00724C7F /* MainStoryboard_iPhone.storyboard in Resources */ = {isa = PBXBuildFile; fileRef = 5880CCE515D7D95D00724C7F /* MainStoryboard_iPhone.storyboard */; };
		5880CCEA15D7D95D00724C7F /* MainStoryboard_iPad.storyboard in Resources */ = {isa = PBXBuildFile; fileRef = 5880CCE815D7D95D00724C7F /* MainStoryboard_iPad.storyboard */; };
		5880CCF515D7D95E00724C7F /* SenTestingKit.framework in Frameworks */ = {isa = PBXBuildFile; fileRef = 5880CCF415D7D95E00724C7F /* SenTestingKit.framework */; };
		5880CCF615D7D95E00724C7F /* UIKit.framework in Frameworks */ = {isa = PBXBuildFile; fileRef = 5880CCD315D7D95D00724C7F /* UIKit.framework */; };
		5880CCF715D7D95E00724C7F /* Foundation.framework in Frameworks */ = {isa = PBXBuildFile; fileRef = 5880CCD515D7D95D00724C7F /* Foundation.framework */; };
		5880CCFF15D7D95E00724C7F /* InfoPlist.strings in Resources */ = {isa = PBXBuildFile; fileRef = 5880CCFD15D7D95E00724C7F /* InfoPlist.strings */; };
		5880CD0215D7D95E00724C7F /* Scan_FindTests.m in Sources */ = {isa = PBXBuildFile; fileRef = 5880CD0115D7D95E00724C7F /* Scan_FindTests.m */; };
		5880CD1115D7E2A700724C7F /* ViewController.mm in Sources */ = {isa = PBXBuildFile; fileRef = 5880CD1015D7E2A700724C7F /* ViewController.mm */; };
		5880CD2915D7E3A800724C7F /* beep-beep.aiff in Resources */ = {isa = PBXBuildFile; fileRef = 5880CD2815D7E3A800724C7F /* beep-beep.aiff */; };
		5880CD2C15D7E41200724C7F /* libZXingWidget.a in Frameworks */ = {isa = PBXBuildFile; fileRef = 5880CD1F15D7E36900724C7F /* libZXingWidget.a */; };
		5880CD3415D7E41200724C7F /* AddressBook.framework in Frameworks */ = {isa = PBXBuildFile; fileRef = 5880CD2D15D7E41200724C7F /* AddressBook.framework */; };
		5880CD3515D7E41200724C7F /* AddressBookUI.framework in Frameworks */ = {isa = PBXBuildFile; fileRef = 5880CD2E15D7E41200724C7F /* AddressBookUI.framework */; };
		5880CD3615D7E41200724C7F /* AudioToolbox.framework in Frameworks */ = {isa = PBXBuildFile; fileRef = 5880CD2F15D7E41200724C7F /* AudioToolbox.framework */; };
		5880CD3715D7E41200724C7F /* AVFoundation.framework in Frameworks */ = {isa = PBXBuildFile; fileRef = 5880CD3015D7E41200724C7F /* AVFoundation.framework */; };
		5880CD3815D7E41200724C7F /* CoreMedia.framework in Frameworks */ = {isa = PBXBuildFile; fileRef = 5880CD3115D7E41200724C7F /* CoreMedia.framework */; };
		5880CD3915D7E41200724C7F /* CoreVideo.framework in Frameworks */ = {isa = PBXBuildFile; fileRef = 5880CD3215D7E41200724C7F /* CoreVideo.framework */; };
		5880CD3A15D7E41200724C7F /* libiconv.dylib in Frameworks */ = {isa = PBXBuildFile; fileRef = 5880CD3315D7E41200724C7F /* libiconv.dylib */; };
		5880CD3C15D7E92D00724C7F /* icon.png in Resources */ = {isa = PBXBuildFile; fileRef = 5880CD3B15D7E92D00724C7F /* icon.png */; };
		5880CD3E15D7E93000724C7F /* icon@2x.png in Resources */ = {isa = PBXBuildFile; fileRef = 5880CD3D15D7E93000724C7F /* icon@2x.png */; };
		5880CD4C15D7EB6600724C7F /* LookupViewController.m in Sources */ = {isa = PBXBuildFile; fileRef = 5880CD4B15D7EB6600724C7F /* LookupViewController.m */; };
		5880CD4F15D7EB8700724C7F /* SHKActivityIndicator.m in Sources */ = {isa = PBXBuildFile; fileRef = 5880CD4E15D7EB8700724C7F /* SHKActivityIndicator.m */; };
		5880CD5315D7EC4900724C7F /* NSString+HTMLEntities.m in Sources */ = {isa = PBXBuildFile; fileRef = 5880CD5215D7EC4900724C7F /* NSString+HTMLEntities.m */; };
		5880CD5615D7ECFA00724C7F /* JSONKit.m in Sources */ = {isa = PBXBuildFile; fileRef = 5880CD5515D7ECFA00724C7F /* JSONKit.m */; settings = {COMPILER_FLAGS = "-fno-objc-arc"; }; };
		5880CD5B15D7ED4D00724C7F /* Reachability.m in Sources */ = {isa = PBXBuildFile; fileRef = 5880CD5A15D7ED4D00724C7F /* Reachability.m */; settings = {COMPILER_FLAGS = "-fno-objc-arc"; }; };
		5880CD6015D7EF1A00724C7F /* WebViewController.m in Sources */ = {isa = PBXBuildFile; fileRef = 5880CD5E15D7EF1A00724C7F /* WebViewController.m */; };
		5880CD6115D7EF1A00724C7F /* WebViewController.xib in Resources */ = {isa = PBXBuildFile; fileRef = 5880CD5F15D7EF1A00724C7F /* WebViewController.xib */; };
		5880CD6315D7F4BE00724C7F /* SystemConfiguration.framework in Frameworks */ = {isa = PBXBuildFile; fileRef = 5880CD6215D7F4BE00724C7F /* SystemConfiguration.framework */; };
		5880CD6515D7F4E000724C7F /* QuartzCore.framework in Frameworks */ = {isa = PBXBuildFile; fileRef = 5880CD6415D7F4E000724C7F /* QuartzCore.framework */; };
		5880CD6A15D7F57400724C7F /* UPCLookupResultsCell.xib in Resources */ = {isa = PBXBuildFile; fileRef = 5880CD6715D7F57400724C7F /* UPCLookupResultsCell.xib */; };
		5880CD6B15D7F57400724C7F /* UPCLookupResultsViewController.m in Sources */ = {isa = PBXBuildFile; fileRef = 5880CD6915D7F57400724C7F /* UPCLookupResultsViewController.m */; };
		58D0110E160A316C007A708C /* Default-568h@2x.png in Resources */ = {isa = PBXBuildFile; fileRef = 58D0110D160A316C007A708C /* Default-568h@2x.png */; };
		58D01110160A3170007A708C /* Default@2x.png in Resources */ = {isa = PBXBuildFile; fileRef = 58D0110F160A3170007A708C /* Default@2x.png */; };
		58D01112160A3173007A708C /* Default.png in Resources */ = {isa = PBXBuildFile; fileRef = 58D01111160A3173007A708C /* Default.png */; };
/* End PBXBuildFile section */

/* Begin PBXContainerItemProxy section */
		5880CCF815D7D95E00724C7F /* PBXContainerItemProxy */ = {
			isa = PBXContainerItemProxy;
			containerPortal = 5880CCC615D7D95D00724C7F /* Project object */;
			proxyType = 1;
			remoteGlobalIDString = 5880CCCE15D7D95D00724C7F;
			remoteInfo = "Scan&Find";
		};
		5880CD1E15D7E36900724C7F /* PBXContainerItemProxy */ = {
			isa = PBXContainerItemProxy;
			containerPortal = 5880CD1615D7E36800724C7F /* ZXingWidget.xcodeproj */;
			proxyType = 2;
			remoteGlobalIDString = D2AAC07E0554694100DB518D;
			remoteInfo = ZXingWidget;
		};
		5880CD2015D7E36900724C7F /* PBXContainerItemProxy */ = {
			isa = PBXContainerItemProxy;
			containerPortal = 5880CD1615D7E36800724C7F /* ZXingWidget.xcodeproj */;
			proxyType = 2;
			remoteGlobalIDString = 1D60398D13DF7CAD006F4B51;
			remoteInfo = ZXingTests;
		};
		5880CD2A15D7E3BA00724C7F /* PBXContainerItemProxy */ = {
			isa = PBXContainerItemProxy;
			containerPortal = 5880CD1615D7E36800724C7F /* ZXingWidget.xcodeproj */;
			proxyType = 1;
			remoteGlobalIDString = D2AAC07D0554694100DB518D;
			remoteInfo = ZXingWidget;
		};
/* End PBXContainerItemProxy section */

/* Begin PBXFileReference section */
		580D9C5D15D7FE5E00A9A3ED /* CoreLocation.framework */ = {isa = PBXFileReference; lastKnownFileType = wrapper.framework; name = CoreLocation.framework; path = System/Library/Frameworks/CoreLocation.framework; sourceTree = SDKROOT; };
		580D9C5F15D7FF0A00A9A3ED /* LookupViewController.xib */ = {isa = PBXFileReference; fileEncoding = 4; lastKnownFileType = file.xib; path = LookupViewController.xib; sourceTree = "<group>"; };
		5880CCCF15D7D95D00724C7F /* Scan&Find.app */ = {isa = PBXFileReference; explicitFileType = wrapper.application; includeInIndex = 0; path = "Scan&Find.app"; sourceTree = BUILT_PRODUCTS_DIR; };
		5880CCD315D7D95D00724C7F /* UIKit.framework */ = {isa = PBXFileReference; lastKnownFileType = wrapper.framework; name = UIKit.framework; path = System/Library/Frameworks/UIKit.framework; sourceTree = SDKROOT; };
		5880CCD515D7D95D00724C7F /* Foundation.framework */ = {isa = PBXFileReference; lastKnownFileType = wrapper.framework; name = Foundation.framework; path = System/Library/Frameworks/Foundation.framework; sourceTree = SDKROOT; };
		5880CCD715D7D95D00724C7F /* CoreGraphics.framework */ = {isa = PBXFileReference; lastKnownFileType = wrapper.framework; name = CoreGraphics.framework; path = System/Library/Frameworks/CoreGraphics.framework; sourceTree = SDKROOT; };
		5880CCDB15D7D95D00724C7F /* Scan&Find-Info.plist */ = {isa = PBXFileReference; lastKnownFileType = text.plist.xml; path = "Scan&Find-Info.plist"; sourceTree = "<group>"; };
		5880CCDD15D7D95D00724C7F /* en */ = {isa = PBXFileReference; lastKnownFileType = text.plist.strings; name = en; path = en.lproj/InfoPlist.strings; sourceTree = "<group>"; };
		5880CCDF15D7D95D00724C7F /* main.m */ = {isa = PBXFileReference; lastKnownFileType = sourcecode.c.objc; path = main.m; sourceTree = "<group>"; };
		5880CCE115D7D95D00724C7F /* Scan&Find-Prefix.pch */ = {isa = PBXFileReference; lastKnownFileType = sourcecode.c.h; path = "Scan&Find-Prefix.pch"; sourceTree = "<group>"; };
		5880CCE215D7D95D00724C7F /* AppDelegate.h */ = {isa = PBXFileReference; lastKnownFileType = sourcecode.c.h; path = AppDelegate.h; sourceTree = "<group>"; };
		5880CCE315D7D95D00724C7F /* AppDelegate.m */ = {isa = PBXFileReference; lastKnownFileType = sourcecode.c.objc; path = AppDelegate.m; sourceTree = "<group>"; };
		5880CCE615D7D95D00724C7F /* en */ = {isa = PBXFileReference; lastKnownFileType = file.storyboard; name = en; path = en.lproj/MainStoryboard_iPhone.storyboard; sourceTree = "<group>"; };
		5880CCE915D7D95D00724C7F /* en */ = {isa = PBXFileReference; lastKnownFileType = file.storyboard; name = en; path = en.lproj/MainStoryboard_iPad.storyboard; sourceTree = "<group>"; };
		5880CCEB15D7D95D00724C7F /* ViewController.h */ = {isa = PBXFileReference; lastKnownFileType = sourcecode.c.h; path = ViewController.h; sourceTree = "<group>"; };
		5880CCF315D7D95E00724C7F /* Scan&FindTests.octest */ = {isa = PBXFileReference; explicitFileType = wrapper.cfbundle; includeInIndex = 0; path = "Scan&FindTests.octest"; sourceTree = BUILT_PRODUCTS_DIR; };
		5880CCF415D7D95E00724C7F /* SenTestingKit.framework */ = {isa = PBXFileReference; lastKnownFileType = wrapper.framework; name = SenTestingKit.framework; path = Library/Frameworks/SenTestingKit.framework; sourceTree = DEVELOPER_DIR; };
		5880CCFC15D7D95E00724C7F /* Scan&FindTests-Info.plist */ = {isa = PBXFileReference; lastKnownFileType = text.plist.xml; path = "Scan&FindTests-Info.plist"; sourceTree = "<group>"; };
		5880CCFE15D7D95E00724C7F /* en */ = {isa = PBXFileReference; lastKnownFileType = text.plist.strings; name = en; path = en.lproj/InfoPlist.strings; sourceTree = "<group>"; };
		5880CD0015D7D95E00724C7F /* Scan_FindTests.h */ = {isa = PBXFileReference; lastKnownFileType = sourcecode.c.h; path = Scan_FindTests.h; sourceTree = "<group>"; };
		5880CD0115D7D95E00724C7F /* Scan_FindTests.m */ = {isa = PBXFileReference; lastKnownFileType = sourcecode.c.objc; path = Scan_FindTests.m; sourceTree = "<group>"; };
		5880CD1015D7E2A700724C7F /* ViewController.mm */ = {isa = PBXFileReference; fileEncoding = 4; lastKnownFileType = sourcecode.cpp.objcpp; path = ViewController.mm; sourceTree = "<group>"; };
		5880CD1615D7E36800724C7F /* ZXingWidget.xcodeproj */ = {isa = PBXFileReference; lastKnownFileType = "wrapper.pb-project"; name = ZXingWidget.xcodeproj; path = Submodules/zxing/iphone/ZXingWidget/ZXingWidget.xcodeproj; sourceTree = SOURCE_ROOT; };
		5880CD2815D7E3A800724C7F /* beep-beep.aiff */ = {isa = PBXFileReference; lastKnownFileType = audio.aiff; path = "beep-beep.aiff"; sourceTree = "<group>"; };
		5880CD2D15D7E41200724C7F /* AddressBook.framework */ = {isa = PBXFileReference; lastKnownFileType = wrapper.framework; name = AddressBook.framework; path = System/Library/Frameworks/AddressBook.framework; sourceTree = SDKROOT; };
		5880CD2E15D7E41200724C7F /* AddressBookUI.framework */ = {isa = PBXFileReference; lastKnownFileType = wrapper.framework; name = AddressBookUI.framework; path = System/Library/Frameworks/AddressBookUI.framework; sourceTree = SDKROOT; };
		5880CD2F15D7E41200724C7F /* AudioToolbox.framework */ = {isa = PBXFileReference; lastKnownFileType = wrapper.framework; name = AudioToolbox.framework; path = System/Library/Frameworks/AudioToolbox.framework; sourceTree = SDKROOT; };
		5880CD3015D7E41200724C7F /* AVFoundation.framework */ = {isa = PBXFileReference; lastKnownFileType = wrapper.framework; name = AVFoundation.framework; path = System/Library/Frameworks/AVFoundation.framework; sourceTree = SDKROOT; };
		5880CD3115D7E41200724C7F /* CoreMedia.framework */ = {isa = PBXFileReference; lastKnownFileType = wrapper.framework; name = CoreMedia.framework; path = System/Library/Frameworks/CoreMedia.framework; sourceTree = SDKROOT; };
		5880CD3215D7E41200724C7F /* CoreVideo.framework */ = {isa = PBXFileReference; lastKnownFileType = wrapper.framework; name = CoreVideo.framework; path = System/Library/Frameworks/CoreVideo.framework; sourceTree = SDKROOT; };
		5880CD3315D7E41200724C7F /* libiconv.dylib */ = {isa = PBXFileReference; lastKnownFileType = "compiled.mach-o.dylib"; name = libiconv.dylib; path = usr/lib/libiconv.dylib; sourceTree = SDKROOT; };
		5880CD3B15D7E92D00724C7F /* icon.png */ = {isa = PBXFileReference; lastKnownFileType = image.png; name = icon.png; path = ../../icon.png; sourceTree = "<group>"; };
		5880CD3D15D7E93000724C7F /* icon@2x.png */ = {isa = PBXFileReference; lastKnownFileType = image.png; name = "icon@2x.png"; path = "../../icon@2x.png"; sourceTree = "<group>"; };
		5880CD4A15D7EB6600724C7F /* LookupViewController.h */ = {isa = PBXFileReference; fileEncoding = 4; lastKnownFileType = sourcecode.c.h; path = LookupViewController.h; sourceTree = "<group>"; };
		5880CD4B15D7EB6600724C7F /* LookupViewController.m */ = {isa = PBXFileReference; fileEncoding = 4; lastKnownFileType = sourcecode.c.objc; path = LookupViewController.m; sourceTree = "<group>"; };
		5880CD4D15D7EB8700724C7F /* SHKActivityIndicator.h */ = {isa = PBXFileReference; fileEncoding = 4; lastKnownFileType = sourcecode.c.h; path = SHKActivityIndicator.h; sourceTree = "<group>"; };
		5880CD4E15D7EB8700724C7F /* SHKActivityIndicator.m */ = {isa = PBXFileReference; fileEncoding = 4; lastKnownFileType = sourcecode.c.objc; path = SHKActivityIndicator.m; sourceTree = "<group>"; };
		5880CD5115D7EC4900724C7F /* NSString+HTMLEntities.h */ = {isa = PBXFileReference; fileEncoding = 4; lastKnownFileType = sourcecode.c.h; path = "NSString+HTMLEntities.h"; sourceTree = "<group>"; };
		5880CD5215D7EC4900724C7F /* NSString+HTMLEntities.m */ = {isa = PBXFileReference; fileEncoding = 4; lastKnownFileType = sourcecode.c.objc; path = "NSString+HTMLEntities.m"; sourceTree = "<group>"; };
		5880CD5415D7ECFA00724C7F /* JSONKit.h */ = {isa = PBXFileReference; fileEncoding = 4; lastKnownFileType = sourcecode.c.h; name = JSONKit.h; path = "Submodules/json-kit/JSONKit.h"; sourceTree = SOURCE_ROOT; };
		5880CD5515D7ECFA00724C7F /* JSONKit.m */ = {isa = PBXFileReference; fileEncoding = 4; lastKnownFileType = sourcecode.c.objc; name = JSONKit.m; path = "Submodules/json-kit/JSONKit.m"; sourceTree = SOURCE_ROOT; };
		5880CD5915D7ED4D00724C7F /* Reachability.h */ = {isa = PBXFileReference; fileEncoding = 4; lastKnownFileType = sourcecode.c.h; path = Reachability.h; sourceTree = "<group>"; };
		5880CD5A15D7ED4D00724C7F /* Reachability.m */ = {isa = PBXFileReference; fileEncoding = 4; lastKnownFileType = sourcecode.c.objc; path = Reachability.m; sourceTree = "<group>"; };
		5880CD5D15D7EF1A00724C7F /* WebViewController.h */ = {isa = PBXFileReference; fileEncoding = 4; lastKnownFileType = sourcecode.c.h; path = WebViewController.h; sourceTree = "<group>"; };
		5880CD5E15D7EF1A00724C7F /* WebViewController.m */ = {isa = PBXFileReference; fileEncoding = 4; lastKnownFileType = sourcecode.c.objc; path = WebViewController.m; sourceTree = "<group>"; };
		5880CD5F15D7EF1A00724C7F /* WebViewController.xib */ = {isa = PBXFileReference; fileEncoding = 4; lastKnownFileType = file.xib; path = WebViewController.xib; sourceTree = "<group>"; };
		5880CD6215D7F4BE00724C7F /* SystemConfiguration.framework */ = {isa = PBXFileReference; lastKnownFileType = wrapper.framework; name = SystemConfiguration.framework; path = System/Library/Frameworks/SystemConfiguration.framework; sourceTree = SDKROOT; };
		5880CD6415D7F4E000724C7F /* QuartzCore.framework */ = {isa = PBXFileReference; lastKnownFileType = wrapper.framework; name = QuartzCore.framework; path = System/Library/Frameworks/QuartzCore.framework; sourceTree = SDKROOT; };
		5880CD6715D7F57400724C7F /* UPCLookupResultsCell.xib */ = {isa = PBXFileReference; fileEncoding = 4; lastKnownFileType = file.xib; path = UPCLookupResultsCell.xib; sourceTree = "<group>"; };
		5880CD6815D7F57400724C7F /* UPCLookupResultsViewController.h */ = {isa = PBXFileReference; fileEncoding = 4; lastKnownFileType = sourcecode.c.h; path = UPCLookupResultsViewController.h; sourceTree = "<group>"; };
		5880CD6915D7F57400724C7F /* UPCLookupResultsViewController.m */ = {isa = PBXFileReference; fileEncoding = 4; lastKnownFileType = sourcecode.c.objc; path = UPCLookupResultsViewController.m; sourceTree = "<group>"; };
		58D0110D160A316C007A708C /* Default-568h@2x.png */ = {isa = PBXFileReference; lastKnownFileType = image.png; name = "Default-568h@2x.png"; path = "../../Default-568h@2x.png"; sourceTree = "<group>"; };
		58D0110F160A3170007A708C /* Default@2x.png */ = {isa = PBXFileReference; lastKnownFileType = image.png; name = "Default@2x.png"; path = "../../Default@2x.png"; sourceTree = "<group>"; };
		58D01111160A3173007A708C /* Default.png */ = {isa = PBXFileReference; lastKnownFileType = image.png; name = Default.png; path = ../../Default.png; sourceTree = "<group>"; };
/* End PBXFileReference section */

/* Begin PBXFrameworksBuildPhase section */
		5880CCCC15D7D95D00724C7F /* Frameworks */ = {
			isa = PBXFrameworksBuildPhase;
			buildActionMask = 2147483647;
			files = (
				580D9C5E15D7FE5E00A9A3ED /* CoreLocation.framework in Frameworks */,
				5880CD6515D7F4E000724C7F /* QuartzCore.framework in Frameworks */,
				5880CD6315D7F4BE00724C7F /* SystemConfiguration.framework in Frameworks */,
				5880CD3415D7E41200724C7F /* AddressBook.framework in Frameworks */,
				5880CD3515D7E41200724C7F /* AddressBookUI.framework in Frameworks */,
				5880CD3615D7E41200724C7F /* AudioToolbox.framework in Frameworks */,
				5880CD3715D7E41200724C7F /* AVFoundation.framework in Frameworks */,
				5880CD3815D7E41200724C7F /* CoreMedia.framework in Frameworks */,
				5880CD3915D7E41200724C7F /* CoreVideo.framework in Frameworks */,
				5880CD3A15D7E41200724C7F /* libiconv.dylib in Frameworks */,
				5880CD2C15D7E41200724C7F /* libZXingWidget.a in Frameworks */,
				5880CCD415D7D95D00724C7F /* UIKit.framework in Frameworks */,
				5880CCD615D7D95D00724C7F /* Foundation.framework in Frameworks */,
				5880CCD815D7D95D00724C7F /* CoreGraphics.framework in Frameworks */,
			);
			runOnlyForDeploymentPostprocessing = 0;
		};
		5880CCEF15D7D95E00724C7F /* Frameworks */ = {
			isa = PBXFrameworksBuildPhase;
			buildActionMask = 2147483647;
			files = (
				5880CCF515D7D95E00724C7F /* SenTestingKit.framework in Frameworks */,
				5880CCF615D7D95E00724C7F /* UIKit.framework in Frameworks */,
				5880CCF715D7D95E00724C7F /* Foundation.framework in Frameworks */,
			);
			runOnlyForDeploymentPostprocessing = 0;
		};
/* End PBXFrameworksBuildPhase section */

/* Begin PBXGroup section */
		5880CCC415D7D95D00724C7F = {
			isa = PBXGroup;
			children = (
				5880CCD915D7D95D00724C7F /* Scan&Find */,
				5880CCFA15D7D95E00724C7F /* Scan&FindTests */,
				5880CCD215D7D95D00724C7F /* Frameworks */,
				5880CCD015D7D95D00724C7F /* Products */,
			);
			sourceTree = "<group>";
		};
		5880CCD015D7D95D00724C7F /* Products */ = {
			isa = PBXGroup;
			children = (
				5880CCCF15D7D95D00724C7F /* Scan&Find.app */,
				5880CCF315D7D95E00724C7F /* Scan&FindTests.octest */,
			);
			name = Products;
			sourceTree = "<group>";
		};
		5880CCD215D7D95D00724C7F /* Frameworks */ = {
			isa = PBXGroup;
			children = (
				5880CD2D15D7E41200724C7F /* AddressBook.framework */,
				5880CD2E15D7E41200724C7F /* AddressBookUI.framework */,
				5880CD2F15D7E41200724C7F /* AudioToolbox.framework */,
				5880CD3015D7E41200724C7F /* AVFoundation.framework */,
				580D9C5D15D7FE5E00A9A3ED /* CoreLocation.framework */,
				5880CD3115D7E41200724C7F /* CoreMedia.framework */,
				5880CD3215D7E41200724C7F /* CoreVideo.framework */,
				5880CD3315D7E41200724C7F /* libiconv.dylib */,
				5880CCD715D7D95D00724C7F /* CoreGraphics.framework */,
				5880CCD515D7D95D00724C7F /* Foundation.framework */,
				5880CD6415D7F4E000724C7F /* QuartzCore.framework */,
				5880CCF415D7D95E00724C7F /* SenTestingKit.framework */,
				5880CD6215D7F4BE00724C7F /* SystemConfiguration.framework */,
				5880CCD315D7D95D00724C7F /* UIKit.framework */,
			);
			name = Frameworks;
			sourceTree = "<group>";
		};
		5880CCD915D7D95D00724C7F /* Scan&Find */ = {
			isa = PBXGroup;
			children = (
				5880CCE215D7D95D00724C7F /* AppDelegate.h */,
				5880CCE315D7D95D00724C7F /* AppDelegate.m */,
				5880CCE515D7D95D00724C7F /* MainStoryboard_iPhone.storyboard */,
				5880CCE815D7D95D00724C7F /* MainStoryboard_iPad.storyboard */,
				5880CCEB15D7D95D00724C7F /* ViewController.h */,
				5880CD1015D7E2A700724C7F /* ViewController.mm */,
				5880CD6C15D7F82900724C7F /* Lookup VCs */,
				5880CD2215D7E36F00724C7F /* Dependencies */,
				5880CD2615D7E3A800724C7F /* Resources */,
				5880CCDA15D7D95D00724C7F /* Supporting Files */,
			);
			path = "Scan&Find";
			sourceTree = "<group>";
		};
		5880CCDA15D7D95D00724C7F /* Supporting Files */ = {
			isa = PBXGroup;
			children = (
				5880CCDB15D7D95D00724C7F /* Scan&Find-Info.plist */,
				5880CCDC15D7D95D00724C7F /* InfoPlist.strings */,
				5880CCDF15D7D95D00724C7F /* main.m */,
				5880CCE115D7D95D00724C7F /* Scan&Find-Prefix.pch */,
			);
			name = "Supporting Files";
			sourceTree = "<group>";
		};
		5880CCFA15D7D95E00724C7F /* Scan&FindTests */ = {
			isa = PBXGroup;
			children = (
				5880CD0015D7D95E00724C7F /* Scan_FindTests.h */,
				5880CD0115D7D95E00724C7F /* Scan_FindTests.m */,
				5880CCFB15D7D95E00724C7F /* Supporting Files */,
			);
			path = "Scan&FindTests";
			sourceTree = "<group>";
		};
		5880CCFB15D7D95E00724C7F /* Supporting Files */ = {
			isa = PBXGroup;
			children = (
				5880CCFC15D7D95E00724C7F /* Scan&FindTests-Info.plist */,
				5880CCFD15D7D95E00724C7F /* InfoPlist.strings */,
			);
			name = "Supporting Files";
			sourceTree = "<group>";
		};
		5880CD1715D7E36800724C7F /* Products */ = {
			isa = PBXGroup;
			children = (
				5880CD1F15D7E36900724C7F /* libZXingWidget.a */,
				5880CD2115D7E36900724C7F /* ZXingTests.octest */,
			);
			name = Products;
			sourceTree = "<group>";
		};
		5880CD2215D7E36F00724C7F /* Dependencies */ = {
			isa = PBXGroup;
			children = (
				5880CD5715D7ECFE00724C7F /* JSONKit */,
				5880CD5C15D7ED5100724C7F /* Reachability */,
				5880CD5815D7ED0800724C7F /* ShareKit Components */,
				5880CD6615D7F53000724C7F /* WebViewController */,
				5880CD1615D7E36800724C7F /* ZXingWidget.xcodeproj */,
			);
			name = Dependencies;
			sourceTree = "<group>";
		};
		5880CD2615D7E3A800724C7F /* Resources */ = {
			isa = PBXGroup;
			children = (
				5880CD5015D7EC3900724C7F /* Categories */,
				5880CD3F15D7E93600724C7F /* Images */,
				5880CD2715D7E3A800724C7F /* Sounds */,
			);
			path = Resources;
			sourceTree = "<group>";
		};
		5880CD2715D7E3A800724C7F /* Sounds */ = {
			isa = PBXGroup;
			children = (
				5880CD2815D7E3A800724C7F /* beep-beep.aiff */,
			);
			path = Sounds;
			sourceTree = "<group>";
		};
		5880CD3F15D7E93600724C7F /* Images */ = {
			isa = PBXGroup;
			children = (
				58D01111160A3173007A708C /* Default.png */,
				58D0110F160A3170007A708C /* Default@2x.png */,
				58D0110D160A316C007A708C /* Default-568h@2x.png */,
				5880CD3B15D7E92D00724C7F /* icon.png */,
				5880CD3D15D7E93000724C7F /* icon@2x.png */,
			);
			name = Images;
			sourceTree = "<group>";
		};
		5880CD5015D7EC3900724C7F /* Categories */ = {
			isa = PBXGroup;
			children = (
				5880CD5115D7EC4900724C7F /* NSString+HTMLEntities.h */,
				5880CD5215D7EC4900724C7F /* NSString+HTMLEntities.m */,
			);
			name = Categories;
			sourceTree = "<group>";
		};
		5880CD5715D7ECFE00724C7F /* JSONKit */ = {
			isa = PBXGroup;
			children = (
				5880CD5415D7ECFA00724C7F /* JSONKit.h */,
				5880CD5515D7ECFA00724C7F /* JSONKit.m */,
			);
			name = JSONKit;
			sourceTree = "<group>";
		};
		5880CD5815D7ED0800724C7F /* ShareKit Components */ = {
			isa = PBXGroup;
			children = (
				5880CD4D15D7EB8700724C7F /* SHKActivityIndicator.h */,
				5880CD4E15D7EB8700724C7F /* SHKActivityIndicator.m */,
			);
			name = "ShareKit Components";
			sourceTree = "<group>";
		};
		5880CD5C15D7ED5100724C7F /* Reachability */ = {
			isa = PBXGroup;
			children = (
				5880CD5915D7ED4D00724C7F /* Reachability.h */,
				5880CD5A15D7ED4D00724C7F /* Reachability.m */,
			);
			name = Reachability;
			sourceTree = "<group>";
		};
		5880CD6615D7F53000724C7F /* WebViewController */ = {
			isa = PBXGroup;
			children = (
				5880CD5D15D7EF1A00724C7F /* WebViewController.h */,
				5880CD5E15D7EF1A00724C7F /* WebViewController.m */,
				5880CD5F15D7EF1A00724C7F /* WebViewController.xib */,
			);
			name = WebViewController;
			sourceTree = "<group>";
		};
		5880CD6C15D7F82900724C7F /* Lookup VCs */ = {
			isa = PBXGroup;
			children = (
				5880CD4A15D7EB6600724C7F /* LookupViewController.h */,
				5880CD4B15D7EB6600724C7F /* LookupViewController.m */,
				580D9C5F15D7FF0A00A9A3ED /* LookupViewController.xib */,
				5880CD6815D7F57400724C7F /* UPCLookupResultsViewController.h */,
				5880CD6915D7F57400724C7F /* UPCLookupResultsViewController.m */,
				5880CD6715D7F57400724C7F /* UPCLookupResultsCell.xib */,
			);
			name = "Lookup VCs";
			sourceTree = "<group>";
		};
/* End PBXGroup section */

/* Begin PBXNativeTarget section */
		5880CCCE15D7D95D00724C7F /* Scan&Find */ = {
			isa = PBXNativeTarget;
			buildConfigurationList = 5880CD0515D7D95E00724C7F /* Build configuration list for PBXNativeTarget "Scan&Find" */;
			buildPhases = (
				5880CCCB15D7D95D00724C7F /* Sources */,
				5880CCCC15D7D95D00724C7F /* Frameworks */,
				5880CCCD15D7D95D00724C7F /* Resources */,
			);
			buildRules = (
			);
			dependencies = (
				5880CD2B15D7E3BA00724C7F /* PBXTargetDependency */,
			);
			name = "Scan&Find";
			productName = "Scan&Find";
			productReference = 5880CCCF15D7D95D00724C7F /* Scan&Find.app */;
			productType = "com.apple.product-type.application";
		};
		5880CCF215D7D95E00724C7F /* Scan&FindTests */ = {
			isa = PBXNativeTarget;
			buildConfigurationList = 5880CD0815D7D95E00724C7F /* Build configuration list for PBXNativeTarget "Scan&FindTests" */;
			buildPhases = (
				5880CCEE15D7D95E00724C7F /* Sources */,
				5880CCEF15D7D95E00724C7F /* Frameworks */,
				5880CCF015D7D95E00724C7F /* Resources */,
				5880CCF115D7D95E00724C7F /* ShellScript */,
			);
			buildRules = (
			);
			dependencies = (
				5880CCF915D7D95E00724C7F /* PBXTargetDependency */,
			);
			name = "Scan&FindTests";
			productName = "Scan&FindTests";
			productReference = 5880CCF315D7D95E00724C7F /* Scan&FindTests.octest */;
			productType = "com.apple.product-type.bundle";
		};
/* End PBXNativeTarget section */

/* Begin PBXProject section */
		5880CCC615D7D95D00724C7F /* Project object */ = {
			isa = PBXProject;
			attributes = {
				LastUpgradeCheck = 0440;
				ORGANIZATIONNAME = "AMTM Studios, LLC";
			};
			buildConfigurationList = 5880CCC915D7D95D00724C7F /* Build configuration list for PBXProject "Scan&Find" */;
			compatibilityVersion = "Xcode 3.2";
			developmentRegion = English;
			hasScannedForEncodings = 0;
			knownRegions = (
				en,
			);
			mainGroup = 5880CCC415D7D95D00724C7F;
			productRefGroup = 5880CCD015D7D95D00724C7F /* Products */;
			projectDirPath = "";
			projectReferences = (
				{
					ProductGroup = 5880CD1715D7E36800724C7F /* Products */;
					ProjectRef = 5880CD1615D7E36800724C7F /* ZXingWidget.xcodeproj */;
				},
			);
			projectRoot = "";
			targets = (
				5880CCCE15D7D95D00724C7F /* Scan&Find */,
				5880CCF215D7D95E00724C7F /* Scan&FindTests */,
			);
		};
/* End PBXProject section */

/* Begin PBXReferenceProxy section */
		5880CD1F15D7E36900724C7F /* libZXingWidget.a */ = {
			isa = PBXReferenceProxy;
			fileType = archive.ar;
			path = libZXingWidget.a;
			remoteRef = 5880CD1E15D7E36900724C7F /* PBXContainerItemProxy */;
			sourceTree = BUILT_PRODUCTS_DIR;
		};
		5880CD2115D7E36900724C7F /* ZXingTests.octest */ = {
			isa = PBXReferenceProxy;
			fileType = wrapper.cfbundle;
			path = ZXingTests.octest;
			remoteRef = 5880CD2015D7E36900724C7F /* PBXContainerItemProxy */;
			sourceTree = BUILT_PRODUCTS_DIR;
		};
/* End PBXReferenceProxy section */

/* Begin PBXResourcesBuildPhase section */
		5880CCCD15D7D95D00724C7F /* Resources */ = {
			isa = PBXResourcesBuildPhase;
			buildActionMask = 2147483647;
			files = (
				5880CCDE15D7D95D00724C7F /* InfoPlist.strings in Resources */,
				5880CCE715D7D95D00724C7F /* MainStoryboard_iPhone.storyboard in Resources */,
				5880CCEA15D7D95D00724C7F /* MainStoryboard_iPad.storyboard in Resources */,
				5880CD2915D7E3A800724C7F /* beep-beep.aiff in Resources */,
				5880CD3C15D7E92D00724C7F /* icon.png in Resources */,
				5880CD3E15D7E93000724C7F /* icon@2x.png in Resources */,
				5880CD6115D7EF1A00724C7F /* WebViewController.xib in Resources */,
				5880CD6A15D7F57400724C7F /* UPCLookupResultsCell.xib in Resources */,
				580D9C6015D7FF0A00A9A3ED /* LookupViewController.xib in Resources */,
				58D0110E160A316C007A708C /* Default-568h@2x.png in Resources */,
				58D01110160A3170007A708C /* Default@2x.png in Resources */,
				58D01112160A3173007A708C /* Default.png in Resources */,
			);
			runOnlyForDeploymentPostprocessing = 0;
		};
		5880CCF015D7D95E00724C7F /* Resources */ = {
			isa = PBXResourcesBuildPhase;
			buildActionMask = 2147483647;
			files = (
				5880CCFF15D7D95E00724C7F /* InfoPlist.strings in Resources */,
			);
			runOnlyForDeploymentPostprocessing = 0;
		};
/* End PBXResourcesBuildPhase section */

/* Begin PBXShellScriptBuildPhase section */
		5880CCF115D7D95E00724C7F /* ShellScript */ = {
			isa = PBXShellScriptBuildPhase;
			buildActionMask = 2147483647;
			files = (
			);
			inputPaths = (
			);
			outputPaths = (
			);
			runOnlyForDeploymentPostprocessing = 0;
			shellPath = /bin/sh;
			shellScript = "# Run the unit tests in this test bundle.\n\"${SYSTEM_DEVELOPER_DIR}/Tools/RunUnitTests\"\n";
		};
/* End PBXShellScriptBuildPhase section */

/* Begin PBXSourcesBuildPhase section */
		5880CCCB15D7D95D00724C7F /* Sources */ = {
			isa = PBXSourcesBuildPhase;
			buildActionMask = 2147483647;
			files = (
				5880CCE015D7D95D00724C7F /* main.m in Sources */,
				5880CCE415D7D95D00724C7F /* AppDelegate.m in Sources */,
				5880CD1115D7E2A700724C7F /* ViewController.mm in Sources */,
				5880CD4C15D7EB6600724C7F /* LookupViewController.m in Sources */,
				5880CD4F15D7EB8700724C7F /* SHKActivityIndicator.m in Sources */,
				5880CD5315D7EC4900724C7F /* NSString+HTMLEntities.m in Sources */,
				5880CD5615D7ECFA00724C7F /* JSONKit.m in Sources */,
				5880CD5B15D7ED4D00724C7F /* Reachability.m in Sources */,
				5880CD6015D7EF1A00724C7F /* WebViewController.m in Sources */,
				5880CD6B15D7F57400724C7F /* UPCLookupResultsViewController.m in Sources */,
			);
			runOnlyForDeploymentPostprocessing = 0;
		};
		5880CCEE15D7D95E00724C7F /* Sources */ = {
			isa = PBXSourcesBuildPhase;
			buildActionMask = 2147483647;
			files = (
				5880CD0215D7D95E00724C7F /* Scan_FindTests.m in Sources */,
			);
			runOnlyForDeploymentPostprocessing = 0;
		};
/* End PBXSourcesBuildPhase section */

/* Begin PBXTargetDependency section */
		5880CCF915D7D95E00724C7F /* PBXTargetDependency */ = {
			isa = PBXTargetDependency;
			target = 5880CCCE15D7D95D00724C7F /* Scan&Find */;
			targetProxy = 5880CCF815D7D95E00724C7F /* PBXContainerItemProxy */;
		};
		5880CD2B15D7E3BA00724C7F /* PBXTargetDependency */ = {
			isa = PBXTargetDependency;
			name = ZXingWidget;
			targetProxy = 5880CD2A15D7E3BA00724C7F /* PBXContainerItemProxy */;
		};
/* End PBXTargetDependency section */

/* Begin PBXVariantGroup section */
		5880CCDC15D7D95D00724C7F /* InfoPlist.strings */ = {
			isa = PBXVariantGroup;
			children = (
				5880CCDD15D7D95D00724C7F /* en */,
			);
			name = InfoPlist.strings;
			sourceTree = "<group>";
		};
		5880CCE515D7D95D00724C7F /* MainStoryboard_iPhone.storyboard */ = {
			isa = PBXVariantGroup;
			children = (
				5880CCE615D7D95D00724C7F /* en */,
			);
			name = MainStoryboard_iPhone.storyboard;
			sourceTree = "<group>";
		};
		5880CCE815D7D95D00724C7F /* MainStoryboard_iPad.storyboard */ = {
			isa = PBXVariantGroup;
			children = (
				5880CCE915D7D95D00724C7F /* en */,
			);
			name = MainStoryboard_iPad.storyboard;
			sourceTree = "<group>";
		};
		5880CCFD15D7D95E00724C7F /* InfoPlist.strings */ = {
			isa = PBXVariantGroup;
			children = (
				5880CCFE15D7D95E00724C7F /* en */,
			);
			name = InfoPlist.strings;
			sourceTree = "<group>";
		};
/* End PBXVariantGroup section */

/* Begin XCBuildConfiguration section */
		5880CD0315D7D95E00724C7F /* Debug */ = {
			isa = XCBuildConfiguration;
			buildSettings = {
				ALWAYS_SEARCH_USER_PATHS = NO;
				ARCHS = "$(ARCHS_STANDARD_32_BIT)";
				CLANG_CXX_LANGUAGE_STANDARD = "gnu++0x";
				CLANG_ENABLE_OBJC_ARC = YES;
				CLANG_WARN__DUPLICATE_METHOD_MATCH = YES;
				"CODE_SIGN_IDENTITY[sdk=iphoneos*]" = "iPhone Developer";
				COPY_PHASE_STRIP = NO;
				GCC_C_LANGUAGE_STANDARD = gnu99;
				GCC_DYNAMIC_NO_PIC = NO;
				GCC_OPTIMIZATION_LEVEL = 0;
				GCC_PREPROCESSOR_DEFINITIONS = (
					"DEBUG=1",
					"$(inherited)",
				);
				GCC_SYMBOLS_PRIVATE_EXTERN = NO;
				GCC_VERSION = com.apple.compilers.llvm.clang.1_0;
				GCC_WARN_ABOUT_RETURN_TYPE = YES;
				GCC_WARN_UNINITIALIZED_AUTOS = YES;
				GCC_WARN_UNUSED_VARIABLE = YES;
				IPHONEOS_DEPLOYMENT_TARGET = 5.1;
				SDKROOT = iphoneos;
				TARGETED_DEVICE_FAMILY = "1,2";
			};
			name = Debug;
		};
		5880CD0415D7D95E00724C7F /* Release */ = {
			isa = XCBuildConfiguration;
			buildSettings = {
				ALWAYS_SEARCH_USER_PATHS = NO;
				ARCHS = "$(ARCHS_STANDARD_32_BIT)";
				CLANG_CXX_LANGUAGE_STANDARD = "gnu++0x";
				CLANG_ENABLE_OBJC_ARC = YES;
				CLANG_WARN__DUPLICATE_METHOD_MATCH = YES;
				"CODE_SIGN_IDENTITY[sdk=iphoneos*]" = "iPhone Developer";
				COPY_PHASE_STRIP = YES;
				GCC_C_LANGUAGE_STANDARD = gnu99;
				GCC_VERSION = com.apple.compilers.llvm.clang.1_0;
				GCC_WARN_ABOUT_RETURN_TYPE = YES;
				GCC_WARN_UNINITIALIZED_AUTOS = YES;
				GCC_WARN_UNUSED_VARIABLE = YES;
				IPHONEOS_DEPLOYMENT_TARGET = 5.1;
				OTHER_CFLAGS = "-DNS_BLOCK_ASSERTIONS=1";
				SDKROOT = iphoneos;
				TARGETED_DEVICE_FAMILY = "1,2";
				VALIDATE_PRODUCT = YES;
			};
			name = Release;
		};
		5880CD0615D7D95E00724C7F /* Debug */ = {
			isa = XCBuildConfiguration;
			buildSettings = {
				GCC_PRECOMPILE_PREFIX_HEADER = YES;
				GCC_PREFIX_HEADER = "Scan&Find/Scan&Find-Prefix.pch";
				HEADER_SEARCH_PATHS = (
					Submodules/zxing/cpp/core/src,
					"Submodules/zxing/iphone/ZXingWidget/Classes/**",
				);
				INFOPLIST_FILE = "Scan&Find/Scan&Find-Info.plist";
				PRODUCT_NAME = "$(TARGET_NAME)";
				TARGETED_DEVICE_FAMILY = 1;
				WRAPPER_EXTENSION = app;
			};
			name = Debug;
		};
		5880CD0715D7D95E00724C7F /* Release */ = {
			isa = XCBuildConfiguration;
			buildSettings = {
				GCC_PRECOMPILE_PREFIX_HEADER = YES;
				GCC_PREFIX_HEADER = "Scan&Find/Scan&Find-Prefix.pch";
				HEADER_SEARCH_PATHS = (
					Submodules/zxing/cpp/core/src,
					"Submodules/zxing/iphone/ZXingWidget/Classes/**",
				);
				INFOPLIST_FILE = "Scan&Find/Scan&Find-Info.plist";
				PRODUCT_NAME = "$(TARGET_NAME)";
				TARGETED_DEVICE_FAMILY = 1;
				WRAPPER_EXTENSION = app;
			};
			name = Release;
		};
		5880CD0915D7D95E00724C7F /* Debug */ = {
			isa = XCBuildConfiguration;
			buildSettings = {
				BUNDLE_LOADER = "$(BUILT_PRODUCTS_DIR)/Scan&Find.app/Scan&Find";
				FRAMEWORK_SEARCH_PATHS = (
					"\"$(SDKROOT)/Developer/Library/Frameworks\"",
					"\"$(DEVELOPER_LIBRARY_DIR)/Frameworks\"",
				);
				GCC_PRECOMPILE_PREFIX_HEADER = YES;
				GCC_PREFIX_HEADER = "Scan&Find/Scan&Find-Prefix.pch";
				INFOPLIST_FILE = "Scan&FindTests/Scan&FindTests-Info.plist";
				PRODUCT_NAME = "$(TARGET_NAME)";
				TEST_HOST = "$(BUNDLE_LOADER)";
				WRAPPER_EXTENSION = octest;
			};
			name = Debug;
		};
		5880CD0A15D7D95E00724C7F /* Release */ = {
			isa = XCBuildConfiguration;
			buildSettings = {
				BUNDLE_LOADER = "$(BUILT_PRODUCTS_DIR)/Scan&Find.app/Scan&Find";
				FRAMEWORK_SEARCH_PATHS = (
					"\"$(SDKROOT)/Developer/Library/Frameworks\"",
					"\"$(DEVELOPER_LIBRARY_DIR)/Frameworks\"",
				);
				GCC_PRECOMPILE_PREFIX_HEADER = YES;
				GCC_PREFIX_HEADER = "Scan&Find/Scan&Find-Prefix.pch";
				INFOPLIST_FILE = "Scan&FindTests/Scan&FindTests-Info.plist";
				PRODUCT_NAME = "$(TARGET_NAME)";
				TEST_HOST = "$(BUNDLE_LOADER)";
				WRAPPER_EXTENSION = octest;
			};
			name = Release;
		};
/* End XCBuildConfiguration section */

/* Begin XCConfigurationList section */
		5880CCC915D7D95D00724C7F /* Build configuration list for PBXProject "Scan&Find" */ = {
			isa = XCConfigurationList;
			buildConfigurations = (
				5880CD0315D7D95E00724C7F /* Debug */,
				5880CD0415D7D95E00724C7F /* Release */,
			);
			defaultConfigurationIsVisible = 0;
			defaultConfigurationName = Release;
		};
		5880CD0515D7D95E00724C7F /* Build configuration list for PBXNativeTarget "Scan&Find" */ = {
			isa = XCConfigurationList;
			buildConfigurations = (
				5880CD0615D7D95E00724C7F /* Debug */,
				5880CD0715D7D95E00724C7F /* Release */,
			);
			defaultConfigurationIsVisible = 0;
			defaultConfigurationName = Release;
		};
		5880CD0815D7D95E00724C7F /* Build configuration list for PBXNativeTarget "Scan&FindTests" */ = {
			isa = XCConfigurationList;
			buildConfigurations = (
				5880CD0915D7D95E00724C7F /* Debug */,
				5880CD0A15D7D95E00724C7F /* Release */,
			);
			defaultConfigurationIsVisible = 0;
			defaultConfigurationName = Release;
		};
/* End XCConfigurationList section */
	};
	rootObject = 5880CCC615D7D95D00724C7F /* Project object */;
}
